
Microsoft Visual Studio Solution File, Format Version 12.00
# Visual Studio Version 16
VisualStudioVersion = 16.0.31025.194
MinimumVisualStudioVersion = 10.0.40219.1
Project("{9A19103F-16F7-4668-BE54-9A1E7A4F7556}") = "SampleAPI", "SampleAPI.csproj", "{4657C1AB-8687-4161-AE4F-C204A1986E4E}"
EndProject
Global
	GlobalSection(SolutionConfigurationPlatforms) = preSolution
		Debug|Any CPU = Debug|Any CPU
		Release|Any CPU = Release|Any CPU
	EndGlobalSection
	GlobalSection(ProjectConfigurationPlatforms) = postSolution
		{4657C1AB-8687-4161-AE4F-C204A1986E4E}.Debug|Any CPU.ActiveCfg = Debug|Any CPU
		{4657C1AB-8687-4161-AE4F-C204A1986E4E}.Debug|Any CPU.Build.0 = Debug|Any CPU
		{4657C1AB-8687-4161-AE4F-C204A1986E4E}.Release|Any CPU.ActiveCfg = Release|Any CPU
		{4657C1AB-8687-4161-AE4F-C204A1986E4E}.Release|Any CPU.Build.0 = Release|Any CPU
	EndGlobalSection
	GlobalSection(SolutionProperties) = preSolution
		HideSolutionNode = FALSE
	EndGlobalSection
	GlobalSection(ExtensibilityGlobals) = postSolution
		SolutionGuid = {D2BCED02-27BB-48AD-9A27-D34F656B88E2}
	EndGlobalSection
EndGlobal
